
Microsoft Visual Studio Solution File, Format Version 12.00
# Visual Studio Version 17
VisualStudioVersion = 17.7.34031.279
MinimumVisualStudioVersion = 10.0.40219.1
Project("{FAE04EC0-301F-11D3-BF4B-00C04F79EFBC}") = "task-3", "task-3\task-3.csproj", "{312B55BF-F755-4BB5-9C83-D2A5D6228FCB}"
EndProject
Global
	GlobalSection(SolutionConfigurationPlatforms) = preSolution
		Debug|Any CPU = Debug|Any CPU
		Release|Any CPU = Release|Any CPU
	EndGlobalSection
	GlobalSection(ProjectConfigurationPlatforms) = postSolution
		{312B55BF-F755-4BB5-9C83-D2A5D6228FCB}.Debug|Any CPU.ActiveCfg = Debug|Any CPU
		{312B55BF-F755-4BB5-9C83-D2A5D6228FCB}.Debug|Any CPU.Build.0 = Debug|Any CPU
		{312B55BF-F755-4BB5-9C83-D2A5D6228FCB}.Release|Any CPU.ActiveCfg = Release|Any CPU
		{312B55BF-F755-4BB5-9C83-D2A5D6228FCB}.Release|Any CPU.Build.0 = Release|Any CPU
	EndGlobalSection
	GlobalSection(SolutionProperties) = preSolution
		HideSolutionNode = FALSE
	EndGlobalSection
	GlobalSection(ExtensibilityGlobals) = postSolution
		SolutionGuid = {1742891B-BBAE-41B9-B785-3E27770AF25E}
	EndGlobalSection
EndGlobal
