
Microsoft Visual Studio Solution File, Format Version 12.00
# Visual Studio Version 17
VisualStudioVersion = 17.7.34031.279
MinimumVisualStudioVersion = 10.0.40219.1
Project("{FAE04EC0-301F-11D3-BF4B-00C04F79EFBC}") = "task-json", "task-json\task-json.csproj", "{2C70A9C5-0B73-4E99-AFE0-6DE530C5377A}"
EndProject
Global
	GlobalSection(SolutionConfigurationPlatforms) = preSolution
		Debug|Any CPU = Debug|Any CPU
		Release|Any CPU = Release|Any CPU
	EndGlobalSection
	GlobalSection(ProjectConfigurationPlatforms) = postSolution
		{2C70A9C5-0B73-4E99-AFE0-6DE530C5377A}.Debug|Any CPU.ActiveCfg = Debug|Any CPU
		{2C70A9C5-0B73-4E99-AFE0-6DE530C5377A}.Debug|Any CPU.Build.0 = Debug|Any CPU
		{2C70A9C5-0B73-4E99-AFE0-6DE530C5377A}.Release|Any CPU.ActiveCfg = Release|Any CPU
		{2C70A9C5-0B73-4E99-AFE0-6DE530C5377A}.Release|Any CPU.Build.0 = Release|Any CPU
	EndGlobalSection
	GlobalSection(SolutionProperties) = preSolution
		HideSolutionNode = FALSE
	EndGlobalSection
	GlobalSection(ExtensibilityGlobals) = postSolution
		SolutionGuid = {585ABBF9-4D0E-41EC-B6E2-E2F4AFC2D214}
	EndGlobalSection
EndGlobal
