
Microsoft Visual Studio Solution File, Format Version 12.00
# Visual Studio Version 17
VisualStudioVersion = 17.7.34031.279
MinimumVisualStudioVersion = 10.0.40219.1
Project("{FAE04EC0-301F-11D3-BF4B-00C04F79EFBC}") = "ConsoleApp1", "ConsoleApp1\ConsoleApp1.csproj", "{67598598-19FE-4599-8C59-8EBE9798949D}"
EndProject
Project("{FAE04EC0-301F-11D3-BF4B-00C04F79EFBC}") = "MauiApp1", "MauiApp1\MauiApp1.csproj", "{C6B23DCD-F4D0-43DF-A34F-AF0F7E309879}"
EndProject
Global
	GlobalSection(SolutionConfigurationPlatforms) = preSolution
		Debug|Any CPU = Debug|Any CPU
		Release|Any CPU = Release|Any CPU
	EndGlobalSection
	GlobalSection(ProjectConfigurationPlatforms) = postSolution
		{67598598-19FE-4599-8C59-8EBE9798949D}.Debug|Any CPU.ActiveCfg = Debug|Any CPU
		{67598598-19FE-4599-8C59-8EBE9798949D}.Debug|Any CPU.Build.0 = Debug|Any CPU
		{67598598-19FE-4599-8C59-8EBE9798949D}.Release|Any CPU.ActiveCfg = Release|Any CPU
		{67598598-19FE-4599-8C59-8EBE9798949D}.Release|Any CPU.Build.0 = Release|Any CPU
		{C6B23DCD-F4D0-43DF-A34F-AF0F7E309879}.Debug|Any CPU.ActiveCfg = Debug|Any CPU
		{C6B23DCD-F4D0-43DF-A34F-AF0F7E309879}.Debug|Any CPU.Build.0 = Debug|Any CPU
		{C6B23DCD-F4D0-43DF-A34F-AF0F7E309879}.Debug|Any CPU.Deploy.0 = Debug|Any CPU
		{C6B23DCD-F4D0-43DF-A34F-AF0F7E309879}.Release|Any CPU.ActiveCfg = Release|Any CPU
		{C6B23DCD-F4D0-43DF-A34F-AF0F7E309879}.Release|Any CPU.Build.0 = Release|Any CPU
		{C6B23DCD-F4D0-43DF-A34F-AF0F7E309879}.Release|Any CPU.Deploy.0 = Release|Any CPU
	EndGlobalSection
	GlobalSection(SolutionProperties) = preSolution
		HideSolutionNode = FALSE
	EndGlobalSection
	GlobalSection(ExtensibilityGlobals) = postSolution
		SolutionGuid = {A0FBD342-9D73-4893-BC41-BEBF9F31F206}
	EndGlobalSection
EndGlobal
